
Microsoft Visual Studio Solution File, Format Version 12.00
# Visual Studio Version 17
VisualStudioVersion = 17.10.35013.160
MinimumVisualStudioVersion = 10.0.40219.1
Project("{FAE04EC0-301F-11D3-BF4B-00C04F79EFBC}") = "Fattocs", "Fattocs.csproj", "{9CC60142-9928-44F4-B95E-19BB7B6C8954}"
EndProject
Global
	GlobalSection(SolutionConfigurationPlatforms) = preSolution
		Debug|Any CPU = Debug|Any CPU
		Release|Any CPU = Release|Any CPU
	EndGlobalSection
	GlobalSection(ProjectConfigurationPlatforms) = postSolution
		{9CC60142-9928-44F4-B95E-19BB7B6C8954}.Debug|Any CPU.ActiveCfg = Debug|Any CPU
		{9CC60142-9928-44F4-B95E-19BB7B6C8954}.Debug|Any CPU.Build.0 = Debug|Any CPU
		{9CC60142-9928-44F4-B95E-19BB7B6C8954}.Release|Any CPU.ActiveCfg = Release|Any CPU
		{9CC60142-9928-44F4-B95E-19BB7B6C8954}.Release|Any CPU.Build.0 = Release|Any CPU
	EndGlobalSection
	GlobalSection(SolutionProperties) = preSolution
		HideSolutionNode = FALSE
	EndGlobalSection
	GlobalSection(ExtensibilityGlobals) = postSolution
		SolutionGuid = {AD0C1D35-59CE-45DD-B24C-F9A15A34836A}
	EndGlobalSection
EndGlobal
